
Microsoft Visual Studio Solution File, Format Version 11.00
# Visual Studio 2010
Project("{FAE04EC0-301F-11D3-BF4B-00C04F79EFBC}") = "Assembly-CSharp", "Assembly-CSharp.csproj", "{AB5EF4AB-FBF6-E0BF-9F44-2D49DA0CE086}"
EndProject
Project("{FAE04EC0-301F-11D3-BF4B-00C04F79EFBC}") = "Assembly-CSharp-Editor", "Assembly-CSharp-Editor.csproj", "{D3FDAAF0-0A7F-CB35-2927-7039CDBBF714}"
EndProject
Global
	GlobalSection(SolutionConfigurationPlatforms) = preSolution
		Debug|Any CPU = Debug|Any CPU
		Release|Any CPU = Release|Any CPU
	EndGlobalSection
	GlobalSection(ProjectConfigurationPlatforms) = postSolution
		{AB5EF4AB-FBF6-E0BF-9F44-2D49DA0CE086}.Debug|Any CPU.ActiveCfg = Debug|Any CPU
		{AB5EF4AB-FBF6-E0BF-9F44-2D49DA0CE086}.Debug|Any CPU.Build.0 = Debug|Any CPU
		{AB5EF4AB-FBF6-E0BF-9F44-2D49DA0CE086}.Release|Any CPU.ActiveCfg = Release|Any CPU
		{AB5EF4AB-FBF6-E0BF-9F44-2D49DA0CE086}.Release|Any CPU.Build.0 = Release|Any CPU
		{D3FDAAF0-0A7F-CB35-2927-7039CDBBF714}.Debug|Any CPU.ActiveCfg = Debug|Any CPU
		{D3FDAAF0-0A7F-CB35-2927-7039CDBBF714}.Debug|Any CPU.Build.0 = Debug|Any CPU
		{D3FDAAF0-0A7F-CB35-2927-7039CDBBF714}.Release|Any CPU.ActiveCfg = Release|Any CPU
		{D3FDAAF0-0A7F-CB35-2927-7039CDBBF714}.Release|Any CPU.Build.0 = Release|Any CPU
	EndGlobalSection
	GlobalSection(SolutionProperties) = preSolution
		HideSolutionNode = FALSE
	EndGlobalSection
	GlobalSection(MonoDevelopProperties) = preSolution
		StartupItem = Assembly-CSharp.csproj
	EndGlobalSection
EndGlobal
